{
  "name": "snyk-projekt",
  "version": "1.0.0",
  "lockfileVersion": 1,
  "requires": true,
  "dependencies": {
    "dompurify": {
      "version": "2.5.0",
      "resolved": "https://registry.npmjs.org/dompurify/-/dompurify-2.5.0.tgz",
      "integrity": "sha512-5RXhAXSCrKTqt9pSbobT9PVRX+oPpENplTZqCiK1l0ya+ZOzwo9kqsGLbYRsAhzIiLCwKEy99XKSSrqnRTLVcw=="
    }
  }
}
