{
  "name": "snyk-projekt",
  "version": "1.0.0",
  "lockfileVersion": 1,
  "requires": true,
  "dependencies": {
    "dompurify": {
      "version": "2.0.0",
      "resolved": "https://registry.npmjs.org/dompurify/-/dompurify-2.0.0.tgz",
      "integrity": "sha512-i8LWSIMDpGmv7AbOcQOyy54L4TrRhjs6yrSessoNeYspsAtgaKiiGeBAG5959qLfhGvyndkHeyZWxx0dd4iDxw=="
    }
  }
}
