{
  "name": "snyk-projekt",
  "version": "1.0.0",
  "lockfileVersion": 1,
  "requires": true,
  "dependencies": {
    "dompurify": {
      "version": "2.5.4",
      "resolved": "https://registry.npmjs.org/dompurify/-/dompurify-2.5.4.tgz",
      "integrity": "sha512-l5NNozANzaLPPe0XaAwvg3uZcHtDBnziX/HjsY1UcDj1MxTK8Dd0Kv096jyPK5HRzs/XM5IMj20dW8Fk+HnbUA=="
    }
  }
}
